
Microsoft Visual Studio Solution File, Format Version 12.00
# Visual Studio Version 16
VisualStudioVersion = 16.0.31702.278
MinimumVisualStudioVersion = 10.0.40219.1
Project("{9A19103F-16F7-4668-BE54-9A1E7A4F7556}") = "Events", "Events\Events.csproj", "{C55A681C-A829-46C4-9502-3787A1F2F765}"
EndProject
Project("{FAE04EC0-301F-11D3-BF4B-00C04F79EFBC}") = "Tests", "Tests\Tests.csproj", "{D595B1AD-A24B-4E7D-B166-A9740A1646AE}"
EndProject
Global
	GlobalSection(SolutionConfigurationPlatforms) = preSolution
		Debug|Any CPU = Debug|Any CPU
		Release|Any CPU = Release|Any CPU
	EndGlobalSection
	GlobalSection(ProjectConfigurationPlatforms) = postSolution
		{C55A681C-A829-46C4-9502-3787A1F2F765}.Debug|Any CPU.ActiveCfg = Debug|Any CPU
		{C55A681C-A829-46C4-9502-3787A1F2F765}.Debug|Any CPU.Build.0 = Debug|Any CPU
		{C55A681C-A829-46C4-9502-3787A1F2F765}.Release|Any CPU.ActiveCfg = Release|Any CPU
		{C55A681C-A829-46C4-9502-3787A1F2F765}.Release|Any CPU.Build.0 = Release|Any CPU
		{D595B1AD-A24B-4E7D-B166-A9740A1646AE}.Debug|Any CPU.ActiveCfg = Debug|Any CPU
		{D595B1AD-A24B-4E7D-B166-A9740A1646AE}.Debug|Any CPU.Build.0 = Debug|Any CPU
		{D595B1AD-A24B-4E7D-B166-A9740A1646AE}.Release|Any CPU.ActiveCfg = Release|Any CPU
		{D595B1AD-A24B-4E7D-B166-A9740A1646AE}.Release|Any CPU.Build.0 = Release|Any CPU
	EndGlobalSection
	GlobalSection(SolutionProperties) = preSolution
		HideSolutionNode = FALSE
	EndGlobalSection
	GlobalSection(ExtensibilityGlobals) = postSolution
		SolutionGuid = {4607DEC2-8F64-4D6A-BEA3-3AED095EAFE8}
	EndGlobalSection
EndGlobal
